
Microsoft Visual Studio Solution File, Format Version 11.00
# Visual Studio 2010
Project("{FAE04EC0-301F-11D3-BF4B-00C04F79EFBC}") = "Assembly-CSharp", "Assembly-CSharp.csproj", "{19c4e9b4-3e51-eda8-3b0d-c04fd8164eee}"
EndProject
Project("{FAE04EC0-301F-11D3-BF4B-00C04F79EFBC}") = "Assembly-CSharp-Editor-firstpass", "Assembly-CSharp-Editor-firstpass.csproj", "{2d23434a-f3b3-e3c6-bfa9-7a48660a3c0a}"
EndProject
Global
	GlobalSection(SolutionConfigurationPlatforms) = preSolution
		Debug|Any CPU = Debug|Any CPU
	EndGlobalSection
	GlobalSection(ProjectConfigurationPlatforms) = postSolution
		{19c4e9b4-3e51-eda8-3b0d-c04fd8164eee}.Debug|Any CPU.ActiveCfg = Debug|Any CPU
		{19c4e9b4-3e51-eda8-3b0d-c04fd8164eee}.Debug|Any CPU.Build.0 = Debug|Any CPU
		{2d23434a-f3b3-e3c6-bfa9-7a48660a3c0a}.Debug|Any CPU.ActiveCfg = Debug|Any CPU
		{2d23434a-f3b3-e3c6-bfa9-7a48660a3c0a}.Debug|Any CPU.Build.0 = Debug|Any CPU
	EndGlobalSection
	GlobalSection(SolutionProperties) = preSolution
		HideSolutionNode = FALSE
	EndGlobalSection
EndGlobal
